# This file is automatically @generated by Poetry 1.5.1 and should not be changed by hand.

[[package]]
name = "beautifulsoup4"
version = "4.9.1"
description = "Screen-scraping library"
optional = false
python-versions = "*"
files = [
    {file = "beautifulsoup4-4.9.1-py2-none-any.whl", hash = "sha256:e718f2342e2e099b640a34ab782407b7b676f47ee272d6739e60b8ea23829f2c"},
    {file = "beautifulsoup4-4.9.1-py3-none-any.whl", hash = "sha256:a6237df3c32ccfaee4fd201c8f5f9d9df619b93121d01353a64a73ce8c6ef9a8"},
    {file = "beautifulsoup4-4.9.1.tar.gz", hash = "sha256:73cc4d115b96f79c7d77c1c7f7a0a8d4c57860d1041df407dd1aae7f07a77fd7"},
]

[package.dependencies]
soupsieve = ">1.2,<2.0"

[package.extras]
html5lib = ["html5lib"]
lxml = ["lxml"]

[[package]]
name = "certifi"
version = "2023.7.22"
description = "Python package for providing Mozilla's CA Bundle."
optional = false
python-versions = ">=3.6"
files = [
    {file = "certifi-2023.7.22-py3-none-any.whl", hash = "sha256:92d6037539857d8206b8f6ae472e8b77db8058fec5937a1ef3f54304089edbb9"},
    {file = "certifi-2023.7.22.tar.gz", hash = "sha256:539cc1d13202e33ca466e88b2807e29f4c13049d6d87031a3c110744495cb082"},
]

[[package]]
name = "chardet"
version = "3.0.4"
description = "Universal encoding detector for Python 2 and 3"
optional = false
python-versions = "*"
files = [
    {file = "chardet-3.0.4-py2.py3-none-any.whl", hash = "sha256:fc323ffcaeaed0e0a02bf4d117757b98aed530d9ed4531e3e15460124c106691"},
    {file = "chardet-3.0.4.tar.gz", hash = "sha256:84ab92ed1c4d4f16916e05906b6b75a6c0fb5db821cc65e70cbd64a3e2a5eaae"},
]

[[package]]
name = "idna"
version = "2.10"
description = "Internationalized Domain Names in Applications (IDNA)"
optional = false
python-versions = ">=2.7, !=3.0.*, !=3.1.*, !=3.2.*, !=3.3.*"
files = [
    {file = "idna-2.10-py2.py3-none-any.whl", hash = "sha256:b97d804b1e9b523befed77c48dacec60e6dcb0b5391d57af6a65a312a90648c0"},
    {file = "idna-2.10.tar.gz", hash = "sha256:b307872f855b18632ce0c21c5e45be78c0ea7ae4c15c828c20788b26921eb3f6"},
]

[[package]]
name = "progressbar2"
version = "3.51.4"
description = "A Python Progressbar library to provide visual (yet text based) progress to long running operations."
optional = false
python-versions = "*"
files = [
    {file = "progressbar2-3.51.4-py2.py3-none-any.whl", hash = "sha256:27abf038efe5b1b5dd91ecc5f704bc88683c1e2a0b2c0fee04de80a648634a0c"},
    {file = "progressbar2-3.51.4.tar.gz", hash = "sha256:13f228cf357f94cdef933c91c1e771e52e1b1931dbae48267be8fcdc2ae2ce36"},
]

[package.dependencies]
python-utils = ">=2.3.0"
six = "*"

[package.extras]
docs = ["sphinx (>=1.7.4)"]
tests = ["flake8 (>=3.7.7)", "freezegun (>=0.3.11)", "pytest (>=4.3.1)", "pytest-cov (>=2.6.1)", "pytest-flakes (>=4.0.0)", "pytest-pep8 (>=1.0.6)", "sphinx (>=1.8.5)"]

[[package]]
name = "python-utils"
version = "2.4.0"
description = "Python Utils is a module with some convenient utilities not included with the standard Python install"
optional = false
python-versions = "*"
files = [
    {file = "python-utils-2.4.0.tar.gz", hash = "sha256:f21fc09ff58ea5ebd1fd2e8ef7f63e39d456336900f26bdc9334a03a3f7d8089"},
    {file = "python_utils-2.4.0-py2.py3-none-any.whl", hash = "sha256:ebaadab29d0cb9dca0a82eab9c405f5be5125dbbff35b8f32cc433fa498dbaa7"},
]

[package.dependencies]
six = "*"

[[package]]
name = "requests"
version = "2.24.0"
description = "Python HTTP for Humans."
optional = false
python-versions = ">=2.7, !=3.0.*, !=3.1.*, !=3.2.*, !=3.3.*, !=3.4.*"
files = [
    {file = "requests-2.24.0-py2.py3-none-any.whl", hash = "sha256:fe75cc94a9443b9246fc7049224f75604b113c36acb93f87b80ed42c44cbb898"},
    {file = "requests-2.24.0.tar.gz", hash = "sha256:b3559a131db72c33ee969480840fff4bb6dd111de7dd27c8ee1f820f4f00231b"},
]

[package.dependencies]
certifi = ">=2017.4.17"
chardet = ">=3.0.2,<4"
idna = ">=2.5,<3"
urllib3 = ">=1.21.1,<1.25.0 || >1.25.0,<1.25.1 || >1.25.1,<1.26"

[package.extras]
security = ["cryptography (>=1.3.4)", "pyOpenSSL (>=0.14)"]
socks = ["PySocks (>=1.5.6,!=1.5.7)", "win-inet-pton"]

[[package]]
name = "requests-download"
version = "0.1.2"
description = "Download files using requests and save them to a target path"
optional = false
python-versions = "*"
files = [
    {file = "requests_download-0.1.2-py2.py3-none-any.whl", hash = "sha256:994d9d332befae6616f562769bab163f08d6404dc7e28fb7bfed4a0a43a754ad"},
    {file = "requests_download-0.1.2.tar.gz", hash = "sha256:92d895a6ca51ea51aa42bab864bddaee31b5601c7e7e1ade4c27b0eb6695d846"},
]

[package.dependencies]
requests = "*"

[[package]]
name = "six"
version = "1.15.0"
description = "Python 2 and 3 compatibility utilities"
optional = false
python-versions = ">=2.7, !=3.0.*, !=3.1.*, !=3.2.*"
files = [
    {file = "six-1.15.0-py2.py3-none-any.whl", hash = "sha256:8b74bedcbbbaca38ff6d7491d76f2b06b3592611af620f8426e82dddb04a5ced"},
    {file = "six-1.15.0.tar.gz", hash = "sha256:30639c035cdb23534cd4aa2dd52c3bf48f06e5f4a941509c8bafd8ce11080259"},
]

[[package]]
name = "soupsieve"
version = "1.9.6"
description = "A modern CSS selector implementation for Beautiful Soup."
optional = false
python-versions = "*"
files = [
    {file = "soupsieve-1.9.6-py2.py3-none-any.whl", hash = "sha256:feb1e937fa26a69e08436aad4a9037cd7e1d4c7212909502ba30701247ff8abd"},
    {file = "soupsieve-1.9.6.tar.gz", hash = "sha256:7985bacc98c34923a439967c1a602dc4f1e15f923b6fcf02344184f86cc7efaa"},
]

[[package]]
name = "urllib3"
version = "1.25.10"
description = "HTTP library with thread-safe connection pooling, file post, and more."
optional = false
python-versions = ">=2.7, !=3.0.*, !=3.1.*, !=3.2.*, !=3.3.*, !=3.4.*, <4"
files = [
    {file = "urllib3-1.25.10-py2.py3-none-any.whl", hash = "sha256:e7983572181f5e1522d9c98453462384ee92a0be7fac5f1413a1e35c56cc0461"},
    {file = "urllib3-1.25.10.tar.gz", hash = "sha256:91056c15fa70756691db97756772bb1eb9678fa585d9184f24534b100dc60f4a"},
]

[package.extras]
brotli = ["brotlipy (>=0.6.0)"]
secure = ["certifi", "cryptography (>=1.3.4)", "idna (>=2.0.0)", "ipaddress", "pyOpenSSL (>=0.14)"]
socks = ["PySocks (>=1.5.6,!=1.5.7,<2.0)"]

[metadata]
lock-version = "2.0"
python-versions = "^3.7"
content-hash = "d8ed1a6465b9df56bf1c38d8757ee688b3f834fee1de284a8ffce4757905a648"
